
Microsoft Visual Studio Solution File, Format Version 12.00
# Visual Studio Version 17
VisualStudioVersion = 17.11.35327.3
MinimumVisualStudioVersion = 10.0.40219.1
Project("{9A19103F-16F7-4668-BE54-9A1E7A4F7556}") = "Vertizens.ServiceProxy", "src\ServiceProxy\Vertizens.ServiceProxy.csproj", "{12FA316E-0DCF-42DE-A066-0C05287381EF}"
EndProject
Project("{2150E333-8FDC-42A3-9474-1A3956D46DE8}") = "src", "src", "{2A681A56-EA6D-48EB-88B7-0FADB15014FD}"
EndProject
Project("{2150E333-8FDC-42A3-9474-1A3956D46DE8}") = "Solution Items", "Solution Items", "{D29FACD2-1BEE-458A-839B-C234F3B82B1E}"
	ProjectSection(SolutionItems) = preProject
		LICENSE = LICENSE
		README.md = README.md
	EndProjectSection
EndProject
Project("{2150E333-8FDC-42A3-9474-1A3956D46DE8}") = "tests", "tests", "{7A32557F-1038-436C-8993-4412A9F9A891}"
EndProject
Project("{9A19103F-16F7-4668-BE54-9A1E7A4F7556}") = "Vertizens.ServiceProxy.Tests", "tests\ServiceProxy.Tests\Vertizens.ServiceProxy.Tests.csproj", "{1179B41F-D16A-4576-8A3C-486917BBD614}"
EndProject
Global
	GlobalSection(SolutionConfigurationPlatforms) = preSolution
		Debug|Any CPU = Debug|Any CPU
		Release|Any CPU = Release|Any CPU
	EndGlobalSection
	GlobalSection(ProjectConfigurationPlatforms) = postSolution
		{12FA316E-0DCF-42DE-A066-0C05287381EF}.Debug|Any CPU.ActiveCfg = Debug|Any CPU
		{12FA316E-0DCF-42DE-A066-0C05287381EF}.Debug|Any CPU.Build.0 = Debug|Any CPU
		{12FA316E-0DCF-42DE-A066-0C05287381EF}.Release|Any CPU.ActiveCfg = Release|Any CPU
		{12FA316E-0DCF-42DE-A066-0C05287381EF}.Release|Any CPU.Build.0 = Release|Any CPU
		{1179B41F-D16A-4576-8A3C-486917BBD614}.Debug|Any CPU.ActiveCfg = Debug|Any CPU
		{1179B41F-D16A-4576-8A3C-486917BBD614}.Debug|Any CPU.Build.0 = Debug|Any CPU
		{1179B41F-D16A-4576-8A3C-486917BBD614}.Release|Any CPU.ActiveCfg = Release|Any CPU
		{1179B41F-D16A-4576-8A3C-486917BBD614}.Release|Any CPU.Build.0 = Release|Any CPU
	EndGlobalSection
	GlobalSection(SolutionProperties) = preSolution
		HideSolutionNode = FALSE
	EndGlobalSection
	GlobalSection(NestedProjects) = preSolution
		{12FA316E-0DCF-42DE-A066-0C05287381EF} = {2A681A56-EA6D-48EB-88B7-0FADB15014FD}
		{1179B41F-D16A-4576-8A3C-486917BBD614} = {7A32557F-1038-436C-8993-4412A9F9A891}
	EndGlobalSection
	GlobalSection(ExtensibilityGlobals) = postSolution
		SolutionGuid = {622A6B4A-F155-444F-94ED-E2FB93324B2C}
	EndGlobalSection
EndGlobal
